
Microsoft Visual Studio Solution File, Format Version 12.00
# Visual Studio Version 17
VisualStudioVersion = 17.5.33627.172
MinimumVisualStudioVersion = 10.0.40219.1
Project("{FAE04EC0-301F-11D3-BF4B-00C04F79EFBC}") = "CSMusicPlayer", "CSMusicPlayer\CSMusicPlayer.csproj", "{A95FE66B-E565-4E78-8B1D-623F78E6F1A9}"
EndProject
Global
	GlobalSection(SolutionConfigurationPlatforms) = preSolution
		Debug|Any CPU = Debug|Any CPU
		Release|Any CPU = Release|Any CPU
	EndGlobalSection
	GlobalSection(ProjectConfigurationPlatforms) = postSolution
		{A95FE66B-E565-4E78-8B1D-623F78E6F1A9}.Debug|Any CPU.ActiveCfg = Debug|Any CPU
		{A95FE66B-E565-4E78-8B1D-623F78E6F1A9}.Debug|Any CPU.Build.0 = Debug|Any CPU
		{A95FE66B-E565-4E78-8B1D-623F78E6F1A9}.Release|Any CPU.ActiveCfg = Release|Any CPU
		{A95FE66B-E565-4E78-8B1D-623F78E6F1A9}.Release|Any CPU.Build.0 = Release|Any CPU
	EndGlobalSection
	GlobalSection(SolutionProperties) = preSolution
		HideSolutionNode = FALSE
	EndGlobalSection
	GlobalSection(ExtensibilityGlobals) = postSolution
		SolutionGuid = {6554C11C-1826-4EC3-9A43-93D7ECB80581}
	EndGlobalSection
EndGlobal
